// !$*UTF8*$!
{
	archiveVersion = 1;
	classes = {
	};
	objectVersion = 50;
	objects = {

/* Begin PBXBuildFile section */
		6671C8812654E29700338AD9 /* Habit+CoreDataHelpers.swift in Sources */ = {isa = PBXBuildFile; fileRef = 6671C8802654E29700338AD9 /* Habit+CoreDataHelpers.swift */; };
		6671C88426553DDE00338AD9 /* ButtonStyles.swift in Sources */ = {isa = PBXBuildFile; fileRef = 6671C88326553DDE00338AD9 /* ButtonStyles.swift */; };
		6671C8AD2658468D00338AD9 /* Theme.swift in Sources */ = {isa = PBXBuildFile; fileRef = 6671C8AC2658468D00338AD9 /* Theme.swift */; };
		6676CAA02654CB05002CC8ED /* HabitsApp.swift in Sources */ = {isa = PBXBuildFile; fileRef = 6676CA9F2654CB05002CC8ED /* HabitsApp.swift */; };
		6676CAA22654CB05002CC8ED /* ContentView.swift in Sources */ = {isa = PBXBuildFile; fileRef = 6676CAA12654CB05002CC8ED /* ContentView.swift */; };
		6676CAA42654CB07002CC8ED /* Assets.xcassets in Resources */ = {isa = PBXBuildFile; fileRef = 6676CAA32654CB07002CC8ED /* Assets.xcassets */; };
		6676CAA72654CB07002CC8ED /* Preview Assets.xcassets in Resources */ = {isa = PBXBuildFile; fileRef = 6676CAA62654CB07002CC8ED /* Preview Assets.xcassets */; };
		6676CAAF2654CE25002CC8ED /* HabitItem.swift in Sources */ = {isa = PBXBuildFile; fileRef = 6676CAAE2654CE25002CC8ED /* HabitItem.swift */; };
		6676CAB12654D72A002CC8ED /* AddHabitView.swift in Sources */ = {isa = PBXBuildFile; fileRef = 6676CAB02654D72A002CC8ED /* AddHabitView.swift */; };
		6676CAB32654DD94002CC8ED /* DataController.swift in Sources */ = {isa = PBXBuildFile; fileRef = 6676CAB22654DD94002CC8ED /* DataController.swift */; };
		6676CAB62654DF05002CC8ED /* Habits.xcdatamodeld in Sources */ = {isa = PBXBuildFile; fileRef = 6676CAB42654DF05002CC8ED /* Habits.xcdatamodeld */; };
/* End PBXBuildFile section */

/* Begin PBXFileReference section */
		6671C8802654E29700338AD9 /* Habit+CoreDataHelpers.swift */ = {isa = PBXFileReference; lastKnownFileType = sourcecode.swift; path = "Habit+CoreDataHelpers.swift"; sourceTree = "<group>"; };
		6671C88326553DDE00338AD9 /* ButtonStyles.swift */ = {isa = PBXFileReference; lastKnownFileType = sourcecode.swift; path = ButtonStyles.swift; sourceTree = "<group>"; };
		6671C8AC2658468D00338AD9 /* Theme.swift */ = {isa = PBXFileReference; lastKnownFileType = sourcecode.swift; path = Theme.swift; sourceTree = "<group>"; };
		6676CA9C2654CB05002CC8ED /* Habits.app */ = {isa = PBXFileReference; explicitFileType = wrapper.application; includeInIndex = 0; path = Habits.app; sourceTree = BUILT_PRODUCTS_DIR; };
		6676CA9F2654CB05002CC8ED /* HabitsApp.swift */ = {isa = PBXFileReference; lastKnownFileType = sourcecode.swift; path = HabitsApp.swift; sourceTree = "<group>"; };
		6676CAA12654CB05002CC8ED /* ContentView.swift */ = {isa = PBXFileReference; lastKnownFileType = sourcecode.swift; path = ContentView.swift; sourceTree = "<group>"; };
		6676CAA32654CB07002CC8ED /* Assets.xcassets */ = {isa = PBXFileReference; lastKnownFileType = folder.assetcatalog; path = Assets.xcassets; sourceTree = "<group>"; };
		6676CAA62654CB07002CC8ED /* Preview Assets.xcassets */ = {isa = PBXFileReference; lastKnownFileType = folder.assetcatalog; path = "Preview Assets.xcassets"; sourceTree = "<group>"; };
		6676CAA82654CB07002CC8ED /* Info.plist */ = {isa = PBXFileReference; lastKnownFileType = text.plist.xml; path = Info.plist; sourceTree = "<group>"; };
		6676CAAE2654CE25002CC8ED /* HabitItem.swift */ = {isa = PBXFileReference; lastKnownFileType = sourcecode.swift; path = HabitItem.swift; sourceTree = "<group>"; };
		6676CAB02654D72A002CC8ED /* AddHabitView.swift */ = {isa = PBXFileReference; lastKnownFileType = sourcecode.swift; path = AddHabitView.swift; sourceTree = "<group>"; };
		6676CAB22654DD94002CC8ED /* DataController.swift */ = {isa = PBXFileReference; lastKnownFileType = sourcecode.swift; path = DataController.swift; sourceTree = "<group>"; };
		6676CAB52654DF05002CC8ED /* Habits.xcdatamodel */ = {isa = PBXFileReference; lastKnownFileType = wrapper.xcdatamodel; path = Habits.xcdatamodel; sourceTree = "<group>"; };
/* End PBXFileReference section */

/* Begin PBXFrameworksBuildPhase section */
		6676CA992654CB05002CC8ED /* Frameworks */ = {
			isa = PBXFrameworksBuildPhase;
			buildActionMask = 2147483647;
			files = (
			);
			runOnlyForDeploymentPostprocessing = 0;
		};
/* End PBXFrameworksBuildPhase section */

/* Begin PBXGroup section */
		6671C882265523A800338AD9 /* Model */ = {
			isa = PBXGroup;
			children = (
				6676CAB22654DD94002CC8ED /* DataController.swift */,
				6671C8802654E29700338AD9 /* Habit+CoreDataHelpers.swift */,
				6676CAB42654DF05002CC8ED /* Habits.xcdatamodeld */,
			);
			path = Model;
			sourceTree = "<group>";
		};
		6676CA932654CB05002CC8ED = {
			isa = PBXGroup;
			children = (
				6676CA9E2654CB05002CC8ED /* Habits */,
				6676CA9D2654CB05002CC8ED /* Products */,
			);
			sourceTree = "<group>";
		};
		6676CA9D2654CB05002CC8ED /* Products */ = {
			isa = PBXGroup;
			children = (
				6676CA9C2654CB05002CC8ED /* Habits.app */,
			);
			name = Products;
			sourceTree = "<group>";
		};
		6676CA9E2654CB05002CC8ED /* Habits */ = {
			isa = PBXGroup;
			children = (
				6676CA9F2654CB05002CC8ED /* HabitsApp.swift */,
				6676CAA12654CB05002CC8ED /* ContentView.swift */,
				6671C88326553DDE00338AD9 /* ButtonStyles.swift */,
				6676CAB02654D72A002CC8ED /* AddHabitView.swift */,
				6676CAAE2654CE25002CC8ED /* HabitItem.swift */,
				6671C8AC2658468D00338AD9 /* Theme.swift */,
				6676CAA32654CB07002CC8ED /* Assets.xcassets */,
				6676CAA82654CB07002CC8ED /* Info.plist */,
				6671C882265523A800338AD9 /* Model */,
				6676CAA52654CB07002CC8ED /* Preview Content */,
			);
			path = Habits;
			sourceTree = "<group>";
		};
		6676CAA52654CB07002CC8ED /* Preview Content */ = {
			isa = PBXGroup;
			children = (
				6676CAA62654CB07002CC8ED /* Preview Assets.xcassets */,
			);
			path = "Preview Content";
			sourceTree = "<group>";
		};
/* End PBXGroup section */

/* Begin PBXNativeTarget section */
		6676CA9B2654CB05002CC8ED /* Habits */ = {
			isa = PBXNativeTarget;
			buildConfigurationList = 6676CAAB2654CB07002CC8ED /* Build configuration list for PBXNativeTarget "Habits" */;
			buildPhases = (
				6676CA982654CB05002CC8ED /* Sources */,
				6676CA992654CB05002CC8ED /* Frameworks */,
				6676CA9A2654CB05002CC8ED /* Resources */,
			);
			buildRules = (
			);
			dependencies = (
			);
			name = Habits;
			productName = Habits;
			productReference = 6676CA9C2654CB05002CC8ED /* Habits.app */;
			productType = "com.apple.product-type.application";
		};
/* End PBXNativeTarget section */

/* Begin PBXProject section */
		6676CA942654CB05002CC8ED /* Project object */ = {
			isa = PBXProject;
			attributes = {
				LastSwiftUpdateCheck = 1250;
				LastUpgradeCheck = 1250;
				TargetAttributes = {
					6676CA9B2654CB05002CC8ED = {
						CreatedOnToolsVersion = 12.5;
					};
				};
			};
			buildConfigurationList = 6676CA972654CB05002CC8ED /* Build configuration list for PBXProject "Habits" */;
			compatibilityVersion = "Xcode 9.3";
			developmentRegion = en;
			hasScannedForEncodings = 0;
			knownRegions = (
				en,
				Base,
			);
			mainGroup = 6676CA932654CB05002CC8ED;
			productRefGroup = 6676CA9D2654CB05002CC8ED /* Products */;
			projectDirPath = "";
			projectRoot = "";
			targets = (
				6676CA9B2654CB05002CC8ED /* Habits */,
			);
		};
/* End PBXProject section */

/* Begin PBXResourcesBuildPhase section */
		6676CA9A2654CB05002CC8ED /* Resources */ = {
			isa = PBXResourcesBuildPhase;
			buildActionMask = 2147483647;
			files = (
				6676CAA72654CB07002CC8ED /* Preview Assets.xcassets in Resources */,
				6676CAA42654CB07002CC8ED /* Assets.xcassets in Resources */,
			);
			runOnlyForDeploymentPostprocessing = 0;
		};
/* End PBXResourcesBuildPhase section */

/* Begin PBXSourcesBuildPhase section */
		6676CA982654CB05002CC8ED /* Sources */ = {
			isa = PBXSourcesBuildPhase;
			buildActionMask = 2147483647;
			files = (
				6671C8AD2658468D00338AD9 /* Theme.swift in Sources */,
				6676CAB32654DD94002CC8ED /* DataController.swift in Sources */,
				6676CAA22654CB05002CC8ED /* ContentView.swift in Sources */,
				6676CAB62654DF05002CC8ED /* Habits.xcdatamodeld in Sources */,
				6671C8812654E29700338AD9 /* Habit+CoreDataHelpers.swift in Sources */,
				6676CAB12654D72A002CC8ED /* AddHabitView.swift in Sources */,
				6671C88426553DDE00338AD9 /* ButtonStyles.swift in Sources */,
				6676CAA02654CB05002CC8ED /* HabitsApp.swift in Sources */,
				6676CAAF2654CE25002CC8ED /* HabitItem.swift in Sources */,
			);
			runOnlyForDeploymentPostprocessing = 0;
		};
/* End PBXSourcesBuildPhase section */

/* Begin XCBuildConfiguration section */
		6676CAA92654CB07002CC8ED /* Debug */ = {
			isa = XCBuildConfiguration;
			buildSettings = {
				ALWAYS_SEARCH_USER_PATHS = NO;
				CLANG_ANALYZER_NONNULL = YES;
				CLANG_ANALYZER_NUMBER_OBJECT_CONVERSION = YES_AGGRESSIVE;
				CLANG_CXX_LANGUAGE_STANDARD = "gnu++14";
				CLANG_CXX_LIBRARY = "libc++";
				CLANG_ENABLE_MODULES = YES;
				CLANG_ENABLE_OBJC_ARC = YES;
				CLANG_ENABLE_OBJC_WEAK = YES;
				CLANG_WARN_BLOCK_CAPTURE_AUTORELEASING = YES;
				CLANG_WARN_BOOL_CONVERSION = YES;
				CLANG_WARN_COMMA = YES;
				CLANG_WARN_CONSTANT_CONVERSION = YES;
				CLANG_WARN_DEPRECATED_OBJC_IMPLEMENTATIONS = YES;
				CLANG_WARN_DIRECT_OBJC_ISA_USAGE = YES_ERROR;
				CLANG_WARN_DOCUMENTATION_COMMENTS = YES;
				CLANG_WARN_EMPTY_BODY = YES;
				CLANG_WARN_ENUM_CONVERSION = YES;
				CLANG_WARN_INFINITE_RECURSION = YES;
				CLANG_WARN_INT_CONVERSION = YES;
				CLANG_WARN_NON_LITERAL_NULL_CONVERSION = YES;
				CLANG_WARN_OBJC_IMPLICIT_RETAIN_SELF = YES;
				CLANG_WARN_OBJC_LITERAL_CONVERSION = YES;
				CLANG_WARN_OBJC_ROOT_CLASS = YES_ERROR;
				CLANG_WARN_QUOTED_INCLUDE_IN_FRAMEWORK_HEADER = YES;
				CLANG_WARN_RANGE_LOOP_ANALYSIS = YES;
				CLANG_WARN_STRICT_PROTOTYPES = YES;
				CLANG_WARN_SUSPICIOUS_MOVE = YES;
				CLANG_WARN_UNGUARDED_AVAILABILITY = YES_AGGRESSIVE;
				CLANG_WARN_UNREACHABLE_CODE = YES;
				CLANG_WARN__DUPLICATE_METHOD_MATCH = YES;
				COPY_PHASE_STRIP = NO;
				DEBUG_INFORMATION_FORMAT = dwarf;
				ENABLE_STRICT_OBJC_MSGSEND = YES;
				ENABLE_TESTABILITY = YES;
				GCC_C_LANGUAGE_STANDARD = gnu11;
				GCC_DYNAMIC_NO_PIC = NO;
				GCC_NO_COMMON_BLOCKS = YES;
				GCC_OPTIMIZATION_LEVEL = 0;
				GCC_PREPROCESSOR_DEFINITIONS = (
					"DEBUG=1",
					"$(inherited)",
				);
				GCC_WARN_64_TO_32_BIT_CONVERSION = YES;
				GCC_WARN_ABOUT_RETURN_TYPE = YES_ERROR;
				GCC_WARN_UNDECLARED_SELECTOR = YES;
				GCC_WARN_UNINITIALIZED_AUTOS = YES_AGGRESSIVE;
				GCC_WARN_UNUSED_FUNCTION = YES;
				GCC_WARN_UNUSED_VARIABLE = YES;
				IPHONEOS_DEPLOYMENT_TARGET = 14.5;
				MTL_ENABLE_DEBUG_INFO = INCLUDE_SOURCE;
				MTL_FAST_MATH = YES;
				ONLY_ACTIVE_ARCH = YES;
				SDKROOT = iphoneos;
				SWIFT_ACTIVE_COMPILATION_CONDITIONS = DEBUG;
				SWIFT_OPTIMIZATION_LEVEL = "-Onone";
			};
			name = Debug;
		};
		6676CAAA2654CB07002CC8ED /* Release */ = {
			isa = XCBuildConfiguration;
			buildSettings = {
				ALWAYS_SEARCH_USER_PATHS = NO;
				CLANG_ANALYZER_NONNULL = YES;
				CLANG_ANALYZER_NUMBER_OBJECT_CONVERSION = YES_AGGRESSIVE;
				CLANG_CXX_LANGUAGE_STANDARD = "gnu++14";
				CLANG_CXX_LIBRARY = "libc++";
				CLANG_ENABLE_MODULES = YES;
				CLANG_ENABLE_OBJC_ARC = YES;
				CLANG_ENABLE_OBJC_WEAK = YES;
				CLANG_WARN_BLOCK_CAPTURE_AUTORELEASING = YES;
				CLANG_WARN_BOOL_CONVERSION = YES;
				CLANG_WARN_COMMA = YES;
				CLANG_WARN_CONSTANT_CONVERSION = YES;
				CLANG_WARN_DEPRECATED_OBJC_IMPLEMENTATIONS = YES;
				CLANG_WARN_DIRECT_OBJC_ISA_USAGE = YES_ERROR;
				CLANG_WARN_DOCUMENTATION_COMMENTS = YES;
				CLANG_WARN_EMPTY_BODY = YES;
				CLANG_WARN_ENUM_CONVERSION = YES;
				CLANG_WARN_INFINITE_RECURSION = YES;
				CLANG_WARN_INT_CONVERSION = YES;
				CLANG_WARN_NON_LITERAL_NULL_CONVERSION = YES;
				CLANG_WARN_OBJC_IMPLICIT_RETAIN_SELF = YES;
				CLANG_WARN_OBJC_LITERAL_CONVERSION = YES;
				CLANG_WARN_OBJC_ROOT_CLASS = YES_ERROR;
				CLANG_WARN_QUOTED_INCLUDE_IN_FRAMEWORK_HEADER = YES;
				CLANG_WARN_RANGE_LOOP_ANALYSIS = YES;
				CLANG_WARN_STRICT_PROTOTYPES = YES;
				CLANG_WARN_SUSPICIOUS_MOVE = YES;
				CLANG_WARN_UNGUARDED_AVAILABILITY = YES_AGGRESSIVE;
				CLANG_WARN_UNREACHABLE_CODE = YES;
				CLANG_WARN__DUPLICATE_METHOD_MATCH = YES;
				COPY_PHASE_STRIP = NO;
				DEBUG_INFORMATION_FORMAT = "dwarf-with-dsym";
				ENABLE_NS_ASSERTIONS = NO;
				ENABLE_STRICT_OBJC_MSGSEND = YES;
				GCC_C_LANGUAGE_STANDARD = gnu11;
				GCC_NO_COMMON_BLOCKS = YES;
				GCC_WARN_64_TO_32_BIT_CONVERSION = YES;
				GCC_WARN_ABOUT_RETURN_TYPE = YES_ERROR;
				GCC_WARN_UNDECLARED_SELECTOR = YES;
				GCC_WARN_UNINITIALIZED_AUTOS = YES_AGGRESSIVE;
				GCC_WARN_UNUSED_FUNCTION = YES;
				GCC_WARN_UNUSED_VARIABLE = YES;
				IPHONEOS_DEPLOYMENT_TARGET = 14.5;
				MTL_ENABLE_DEBUG_INFO = NO;
				MTL_FAST_MATH = YES;
				SDKROOT = iphoneos;
				SWIFT_COMPILATION_MODE = wholemodule;
				SWIFT_OPTIMIZATION_LEVEL = "-O";
				VALIDATE_PRODUCT = YES;
			};
			name = Release;
		};
		6676CAAC2654CB07002CC8ED /* Debug */ = {
			isa = XCBuildConfiguration;
			buildSettings = {
				ASSETCATALOG_COMPILER_APPICON_NAME = AppIcon;
				ASSETCATALOG_COMPILER_GLOBAL_ACCENT_COLOR_NAME = AccentColor;
				CODE_SIGN_STYLE = Automatic;
				CURRENT_PROJECT_VERSION = 4;
				DEVELOPMENT_ASSET_PATHS = "\"Habits/Preview Content\"";
				DEVELOPMENT_TEAM = 3G827QYCC5;
				ENABLE_PREVIEWS = YES;
				INFOPLIST_FILE = Habits/Info.plist;
				IPHONEOS_DEPLOYMENT_TARGET = 14.0;
				LD_RUNPATH_SEARCH_PATHS = (
					"$(inherited)",
					"@executable_path/Frameworks",
				);
				PRODUCT_BUNDLE_IDENTIFIER = "com.dontmindifidev.simple-habit-tracker";
				PRODUCT_NAME = "$(TARGET_NAME)";
				SWIFT_VERSION = 5.0;
				TARGETED_DEVICE_FAMILY = "1,2";
			};
			name = Debug;
		};
		6676CAAD2654CB07002CC8ED /* Release */ = {
			isa = XCBuildConfiguration;
			buildSettings = {
				ASSETCATALOG_COMPILER_APPICON_NAME = AppIcon;
				ASSETCATALOG_COMPILER_GLOBAL_ACCENT_COLOR_NAME = AccentColor;
				CODE_SIGN_STYLE = Automatic;
				CURRENT_PROJECT_VERSION = 4;
				DEVELOPMENT_ASSET_PATHS = "\"Habits/Preview Content\"";
				DEVELOPMENT_TEAM = 3G827QYCC5;
				ENABLE_PREVIEWS = YES;
				INFOPLIST_FILE = Habits/Info.plist;
				IPHONEOS_DEPLOYMENT_TARGET = 14.0;
				LD_RUNPATH_SEARCH_PATHS = (
					"$(inherited)",
					"@executable_path/Frameworks",
				);
				PRODUCT_BUNDLE_IDENTIFIER = "com.dontmindifidev.simple-habit-tracker";
				PRODUCT_NAME = "$(TARGET_NAME)";
				SWIFT_VERSION = 5.0;
				TARGETED_DEVICE_FAMILY = "1,2";
			};
			name = Release;
		};
/* End XCBuildConfiguration section */

/* Begin XCConfigurationList section */
		6676CA972654CB05002CC8ED /* Build configuration list for PBXProject "Habits" */ = {
			isa = XCConfigurationList;
			buildConfigurations = (
				6676CAA92654CB07002CC8ED /* Debug */,
				6676CAAA2654CB07002CC8ED /* Release */,
			);
			defaultConfigurationIsVisible = 0;
			defaultConfigurationName = Release;
		};
		6676CAAB2654CB07002CC8ED /* Build configuration list for PBXNativeTarget "Habits" */ = {
			isa = XCConfigurationList;
			buildConfigurations = (
				6676CAAC2654CB07002CC8ED /* Debug */,
				6676CAAD2654CB07002CC8ED /* Release */,
			);
			defaultConfigurationIsVisible = 0;
			defaultConfigurationName = Release;
		};
/* End XCConfigurationList section */

/* Begin XCVersionGroup section */
		6676CAB42654DF05002CC8ED /* Habits.xcdatamodeld */ = {
			isa = XCVersionGroup;
			children = (
				6676CAB52654DF05002CC8ED /* Habits.xcdatamodel */,
			);
			currentVersion = 6676CAB52654DF05002CC8ED /* Habits.xcdatamodel */;
			path = Habits.xcdatamodeld;
			sourceTree = "<group>";
			versionGroupType = wrapper.xcdatamodel;
		};
/* End XCVersionGroup section */
	};
	rootObject = 6676CA942654CB05002CC8ED /* Project object */;
}
